
Microsoft Visual Studio Solution File, Format Version 11.00
# Visual Studio 2010
Project("{FAE04EC0-301F-11D3-BF4B-00C04F79EFBC}") = "Controller", "Controller\Controller.csproj", "{7033BEF3-924B-4977-9D84-7AAF5A48A4A0}"
EndProject
Project("{FAE04EC0-301F-11D3-BF4B-00C04F79EFBC}") = "Model", "Model\Model.csproj", "{60D41B26-A032-4915-AC50-2836C5FA4097}"
EndProject
Project("{FAE04EC0-301F-11D3-BF4B-00C04F79EFBC}") = "View", "View\View.csproj", "{39CCDB48-53F9-4717-9DB8-99ABFB72F26E}"
EndProject
Global
	GlobalSection(SolutionConfigurationPlatforms) = preSolution
		Debug|Any CPU = Debug|Any CPU
		Debug|Mixed Platforms = Debug|Mixed Platforms
		Debug|x86 = Debug|x86
		Release|Any CPU = Release|Any CPU
		Release|Mixed Platforms = Release|Mixed Platforms
		Release|x86 = Release|x86
	EndGlobalSection
	GlobalSection(ProjectConfigurationPlatforms) = postSolution
		{7033BEF3-924B-4977-9D84-7AAF5A48A4A0}.Debug|Any CPU.ActiveCfg = Debug|Any CPU
		{7033BEF3-924B-4977-9D84-7AAF5A48A4A0}.Debug|Any CPU.Build.0 = Debug|Any CPU
		{7033BEF3-924B-4977-9D84-7AAF5A48A4A0}.Debug|Mixed Platforms.ActiveCfg = Debug|Any CPU
		{7033BEF3-924B-4977-9D84-7AAF5A48A4A0}.Debug|Mixed Platforms.Build.0 = Debug|Any CPU
		{7033BEF3-924B-4977-9D84-7AAF5A48A4A0}.Debug|x86.ActiveCfg = Debug|Any CPU
		{7033BEF3-924B-4977-9D84-7AAF5A48A4A0}.Release|Any CPU.ActiveCfg = Release|Any CPU
		{7033BEF3-924B-4977-9D84-7AAF5A48A4A0}.Release|Any CPU.Build.0 = Release|Any CPU
		{7033BEF3-924B-4977-9D84-7AAF5A48A4A0}.Release|Mixed Platforms.ActiveCfg = Release|Any CPU
		{7033BEF3-924B-4977-9D84-7AAF5A48A4A0}.Release|Mixed Platforms.Build.0 = Release|Any CPU
		{7033BEF3-924B-4977-9D84-7AAF5A48A4A0}.Release|x86.ActiveCfg = Release|Any CPU
		{60D41B26-A032-4915-AC50-2836C5FA4097}.Debug|Any CPU.ActiveCfg = Debug|Any CPU
		{60D41B26-A032-4915-AC50-2836C5FA4097}.Debug|Any CPU.Build.0 = Debug|Any CPU
		{60D41B26-A032-4915-AC50-2836C5FA4097}.Debug|Mixed Platforms.ActiveCfg = Debug|Any CPU
		{60D41B26-A032-4915-AC50-2836C5FA4097}.Debug|Mixed Platforms.Build.0 = Debug|Any CPU
		{60D41B26-A032-4915-AC50-2836C5FA4097}.Debug|x86.ActiveCfg = Debug|Any CPU
		{60D41B26-A032-4915-AC50-2836C5FA4097}.Release|Any CPU.ActiveCfg = Release|Any CPU
		{60D41B26-A032-4915-AC50-2836C5FA4097}.Release|Any CPU.Build.0 = Release|Any CPU
		{60D41B26-A032-4915-AC50-2836C5FA4097}.Release|Mixed Platforms.ActiveCfg = Release|Any CPU
		{60D41B26-A032-4915-AC50-2836C5FA4097}.Release|Mixed Platforms.Build.0 = Release|Any CPU
		{60D41B26-A032-4915-AC50-2836C5FA4097}.Release|x86.ActiveCfg = Release|Any CPU
		{39CCDB48-53F9-4717-9DB8-99ABFB72F26E}.Debug|Any CPU.ActiveCfg = Debug|x86
		{39CCDB48-53F9-4717-9DB8-99ABFB72F26E}.Debug|Mixed Platforms.ActiveCfg = Debug|x86
		{39CCDB48-53F9-4717-9DB8-99ABFB72F26E}.Debug|Mixed Platforms.Build.0 = Debug|x86
		{39CCDB48-53F9-4717-9DB8-99ABFB72F26E}.Debug|x86.ActiveCfg = Debug|x86
		{39CCDB48-53F9-4717-9DB8-99ABFB72F26E}.Debug|x86.Build.0 = Debug|x86
		{39CCDB48-53F9-4717-9DB8-99ABFB72F26E}.Release|Any CPU.ActiveCfg = Release|x86
		{39CCDB48-53F9-4717-9DB8-99ABFB72F26E}.Release|Mixed Platforms.ActiveCfg = Release|x86
		{39CCDB48-53F9-4717-9DB8-99ABFB72F26E}.Release|Mixed Platforms.Build.0 = Release|x86
		{39CCDB48-53F9-4717-9DB8-99ABFB72F26E}.Release|x86.ActiveCfg = Release|x86
		{39CCDB48-53F9-4717-9DB8-99ABFB72F26E}.Release|x86.Build.0 = Release|x86
	EndGlobalSection
	GlobalSection(SolutionProperties) = preSolution
		HideSolutionNode = FALSE
	EndGlobalSection
EndGlobal
